Microsoft Visual Studio Solution File, Format Version 12.00
# Visual Studio Version 17
VisualStudioVersion = 17.5.2.0
MinimumVisualStudioVersion = 10.0.40219.1
Project("{FAE04EC0-301F-11D3-BF4B-00C04F79EFBC}") = "GrangerCove.Communication.Email", "GrangerCove.Communication.Email.csproj", "{1574A58C-67E7-881B-A6A2-4C92E36C3ECA}"
EndProject
Global
	GlobalSection(SolutionConfigurationPlatforms) = preSolution
		Debug|Any CPU = Debug|Any CPU
		Release|Any CPU = Release|Any CPU
	EndGlobalSection
	GlobalSection(ProjectConfigurationPlatforms) = postSolution
		{1574A58C-67E7-881B-A6A2-4C92E36C3ECA}.Debug|Any CPU.ActiveCfg = Debug|Any CPU
		{1574A58C-67E7-881B-A6A2-4C92E36C3ECA}.Debug|Any CPU.Build.0 = Debug|Any CPU
		{1574A58C-67E7-881B-A6A2-4C92E36C3ECA}.Release|Any CPU.ActiveCfg = Release|Any CPU
		{1574A58C-67E7-881B-A6A2-4C92E36C3ECA}.Release|Any CPU.Build.0 = Release|Any CPU
	EndGlobalSection
	GlobalSection(SolutionProperties) = preSolution
		HideSolutionNode = FALSE
	EndGlobalSection
	GlobalSection(ExtensibilityGlobals) = postSolution
		SolutionGuid = {80BA98B0-C6C2-442E-8FB9-8968FA519754}
	EndGlobalSection
EndGlobal
